
Microsoft Visual Studio Solution File, Format Version 12.00
# Visual Studio Version 17
VisualStudioVersion = 17.0.31903.59
MinimumVisualStudioVersion = 10.0.40219.1
Project("{FAE04EC0-301F-11D3-BF4B-00C04F79EFBC}") = "API", "API\API.csproj", "{158FC58B-C299-4B2B-A03C-BDE3B0EC5DF5}"
EndProject
Project("{FAE04EC0-301F-11D3-BF4B-00C04F79EFBC}") = "Core", "Core\Core.csproj", "{3DFC4BCA-4977-4A9C-BF1B-066236C75945}"
EndProject
Project("{FAE04EC0-301F-11D3-BF4B-00C04F79EFBC}") = "Infrastructure", "Infrastructure\Infrastructure.csproj", "{31837D66-E320-40F7-BBA2-AC738B9A5399}"
EndProject
Global
	GlobalSection(SolutionConfigurationPlatforms) = preSolution
		Debug|Any CPU = Debug|Any CPU
		Release|Any CPU = Release|Any CPU
	EndGlobalSection
	GlobalSection(SolutionProperties) = preSolution
		HideSolutionNode = FALSE
	EndGlobalSection
	GlobalSection(ProjectConfigurationPlatforms) = postSolution
		{158FC58B-C299-4B2B-A03C-BDE3B0EC5DF5}.Debug|Any CPU.ActiveCfg = Debug|Any CPU
		{158FC58B-C299-4B2B-A03C-BDE3B0EC5DF5}.Debug|Any CPU.Build.0 = Debug|Any CPU
		{158FC58B-C299-4B2B-A03C-BDE3B0EC5DF5}.Release|Any CPU.ActiveCfg = Release|Any CPU
		{158FC58B-C299-4B2B-A03C-BDE3B0EC5DF5}.Release|Any CPU.Build.0 = Release|Any CPU
		{3DFC4BCA-4977-4A9C-BF1B-066236C75945}.Debug|Any CPU.ActiveCfg = Debug|Any CPU
		{3DFC4BCA-4977-4A9C-BF1B-066236C75945}.Debug|Any CPU.Build.0 = Debug|Any CPU
		{3DFC4BCA-4977-4A9C-BF1B-066236C75945}.Release|Any CPU.ActiveCfg = Release|Any CPU
		{3DFC4BCA-4977-4A9C-BF1B-066236C75945}.Release|Any CPU.Build.0 = Release|Any CPU
		{31837D66-E320-40F7-BBA2-AC738B9A5399}.Debug|Any CPU.ActiveCfg = Debug|Any CPU
		{31837D66-E320-40F7-BBA2-AC738B9A5399}.Debug|Any CPU.Build.0 = Debug|Any CPU
		{31837D66-E320-40F7-BBA2-AC738B9A5399}.Release|Any CPU.ActiveCfg = Release|Any CPU
		{31837D66-E320-40F7-BBA2-AC738B9A5399}.Release|Any CPU.Build.0 = Release|Any CPU
	EndGlobalSection
EndGlobal
